# This file is automatically @generated by Cargo.
# It is not intended for manual editing.
version = 3

[[package]]
name = "common_lib"
version = "0.1.0"

[[package]]
name = "l150"
version = "0.1.0"
dependencies = [
 "common_lib",
]

[[package]]
name = "l75"
version = "0.1.0"
dependencies = [
 "common_lib",
]

[[package]]
name = "test_1"
version = "0.1.0"

[[package]]
name = "test_2"
version = "0.1.0"

[[package]]
name = "test_3"
version = "0.1.0"

[[package]]
name = "top100"
version = "0.1.0"
